
Microsoft Visual Studio Solution File, Format Version 12.00
# Visual Studio Version 17
VisualStudioVersion = 17.5.33516.290
MinimumVisualStudioVersion = 10.0.40219.1
Project("{FAE04EC0-301F-11D3-BF4B-00C04F79EFBC}") = "Ejercicio8", "Ejercicio8.csproj", "{8678EBBF-68E2-4154-8137-EF80030903EC}"
EndProject
Global
	GlobalSection(SolutionConfigurationPlatforms) = preSolution
		Debug|Any CPU = Debug|Any CPU
		Release|Any CPU = Release|Any CPU
	EndGlobalSection
	GlobalSection(ProjectConfigurationPlatforms) = postSolution
		{8678EBBF-68E2-4154-8137-EF80030903EC}.Debug|Any CPU.ActiveCfg = Debug|Any CPU
		{8678EBBF-68E2-4154-8137-EF80030903EC}.Debug|Any CPU.Build.0 = Debug|Any CPU
		{8678EBBF-68E2-4154-8137-EF80030903EC}.Release|Any CPU.ActiveCfg = Release|Any CPU
		{8678EBBF-68E2-4154-8137-EF80030903EC}.Release|Any CPU.Build.0 = Release|Any CPU
	EndGlobalSection
	GlobalSection(SolutionProperties) = preSolution
		HideSolutionNode = FALSE
	EndGlobalSection
	GlobalSection(ExtensibilityGlobals) = postSolution
		SolutionGuid = {EB41C7C2-CFEE-4B9A-9EAC-DC69445C5D53}
	EndGlobalSection
EndGlobal
