
Microsoft Visual Studio Solution File, Format Version 12.00
# Visual Studio Version 17
VisualStudioVersion = 17.5.33516.290
MinimumVisualStudioVersion = 10.0.40219.1
Project("{FAE04EC0-301F-11D3-BF4B-00C04F79EFBC}") = "Ejercicio1", "Ejercicio1.csproj", "{578913C1-31FB-4AB3-BCD3-EF8B3E96A72C}"
EndProject
Global
	GlobalSection(SolutionConfigurationPlatforms) = preSolution
		Debug|Any CPU = Debug|Any CPU
		Release|Any CPU = Release|Any CPU
	EndGlobalSection
	GlobalSection(ProjectConfigurationPlatforms) = postSolution
		{578913C1-31FB-4AB3-BCD3-EF8B3E96A72C}.Debug|Any CPU.ActiveCfg = Debug|Any CPU
		{578913C1-31FB-4AB3-BCD3-EF8B3E96A72C}.Debug|Any CPU.Build.0 = Debug|Any CPU
		{578913C1-31FB-4AB3-BCD3-EF8B3E96A72C}.Release|Any CPU.ActiveCfg = Release|Any CPU
		{578913C1-31FB-4AB3-BCD3-EF8B3E96A72C}.Release|Any CPU.Build.0 = Release|Any CPU
	EndGlobalSection
	GlobalSection(SolutionProperties) = preSolution
		HideSolutionNode = FALSE
	EndGlobalSection
	GlobalSection(ExtensibilityGlobals) = postSolution
		SolutionGuid = {A14264E4-7ECA-4C64-9A65-BD80812A8E5A}
	EndGlobalSection
EndGlobal
